
Microsoft Visual Studio Solution File, Format Version 12.00
# Visual Studio Version 17
VisualStudioVersion = 17.14.36408.4 d17.14
MinimumVisualStudioVersion = 10.0.40219.1
Project("{FAE04EC0-301F-11D3-BF4B-00C04F79EFBC}") = "SmartAgentUI", "SmartAgentUI.csproj", "{C37E1F21-8A14-FB2E-32DF-84868EDF0A68}"
EndProject
Global
	GlobalSection(SolutionConfigurationPlatforms) = preSolution
		Debug|Any CPU = Debug|Any CPU
		Release|Any CPU = Release|Any CPU
	EndGlobalSection
	GlobalSection(ProjectConfigurationPlatforms) = postSolution
		{C37E1F21-8A14-FB2E-32DF-84868EDF0A68}.Debug|Any CPU.ActiveCfg = Debug|Any CPU
		{C37E1F21-8A14-FB2E-32DF-84868EDF0A68}.Debug|Any CPU.Build.0 = Debug|Any CPU
		{C37E1F21-8A14-FB2E-32DF-84868EDF0A68}.Release|Any CPU.ActiveCfg = Release|Any CPU
		{C37E1F21-8A14-FB2E-32DF-84868EDF0A68}.Release|Any CPU.Build.0 = Release|Any CPU
	EndGlobalSection
	GlobalSection(SolutionProperties) = preSolution
		HideSolutionNode = FALSE
	EndGlobalSection
	GlobalSection(ExtensibilityGlobals) = postSolution
		SolutionGuid = {55B4E0D1-C595-45FA-8A70-63D5E80BDDB7}
	EndGlobalSection
EndGlobal
